// !$*UTF8*$!
{
	archiveVersion = 1;
	classes = {
	};
	objectVersion = 46;
	objects = {

/* Begin PBXBuildFile section */
		02A72BBF5FB4C1A99F2D2FAE /* Pods_hackathon_project.framework in Frameworks */ = {isa = PBXBuildFile; fileRef = B91B3CD58612D20BAAF42C6D /* Pods_hackathon_project.framework */; };
		172E76721CD8670E00029483 /* AssetsLibrary.framework in Frameworks */ = {isa = PBXBuildFile; fileRef = 172E76711CD8670E00029483 /* AssetsLibrary.framework */; };
		172E76781CD8801800029483 /* AlamofireManager.swift in Sources */ = {isa = PBXBuildFile; fileRef = 172E76771CD8801800029483 /* AlamofireManager.swift */; };
		17E185551CD844FE0067759A /* AppDelegate.swift in Sources */ = {isa = PBXBuildFile; fileRef = 17E185541CD844FE0067759A /* AppDelegate.swift */; };
		17E185571CD844FE0067759A /* MainViewController.swift in Sources */ = {isa = PBXBuildFile; fileRef = 17E185561CD844FE0067759A /* MainViewController.swift */; };
		17E1855C1CD844FE0067759A /* Assets.xcassets in Resources */ = {isa = PBXBuildFile; fileRef = 17E1855B1CD844FE0067759A /* Assets.xcassets */; };
		17E1855F1CD844FE0067759A /* LaunchScreen.storyboard in Resources */ = {isa = PBXBuildFile; fileRef = 17E1855D1CD844FE0067759A /* LaunchScreen.storyboard */; };
		17E1856A1CD844FF0067759A /* hackathon_projectTests.swift in Sources */ = {isa = PBXBuildFile; fileRef = 17E185691CD844FF0067759A /* hackathon_projectTests.swift */; };
		17E185751CD844FF0067759A /* hackathon_projectUITests.swift in Sources */ = {isa = PBXBuildFile; fileRef = 17E185741CD844FF0067759A /* hackathon_projectUITests.swift */; };
		17E1858E1CD851F00067759A /* function.swift in Sources */ = {isa = PBXBuildFile; fileRef = 17E1858D1CD851F00067759A /* function.swift */; };
		17E185901CD852340067759A /* MainViewController.xib in Resources */ = {isa = PBXBuildFile; fileRef = 17E1858F1CD852340067759A /* MainViewController.xib */; };
		17E185921CD852880067759A /* BaseViewContoller.swift in Sources */ = {isa = PBXBuildFile; fileRef = 17E185911CD852880067759A /* BaseViewContoller.swift */; };
		17E185941CD852BC0067759A /* Context.swift in Sources */ = {isa = PBXBuildFile; fileRef = 17E185931CD852BC0067759A /* Context.swift */; };
		3B0F53431CD85C8600982323 /* CoreLocation.framework in Frameworks */ = {isa = PBXBuildFile; fileRef = 3B0F53421CD85C8600982323 /* CoreLocation.framework */; };
		3B0F53451CD85C9000982323 /* MapKit.framework in Frameworks */ = {isa = PBXBuildFile; fileRef = 3B0F53441CD85C9000982323 /* MapKit.framework */; };
/* End PBXBuildFile section */

/* Begin PBXContainerItemProxy section */
		17E185661CD844FF0067759A /* PBXContainerItemProxy */ = {
			isa = PBXContainerItemProxy;
			containerPortal = 17E185491CD844FE0067759A /* Project object */;
			proxyType = 1;
			remoteGlobalIDString = 17E185501CD844FE0067759A;
			remoteInfo = "hackathon-project";
		};
		17E185711CD844FF0067759A /* PBXContainerItemProxy */ = {
			isa = PBXContainerItemProxy;
			containerPortal = 17E185491CD844FE0067759A /* Project object */;
			proxyType = 1;
			remoteGlobalIDString = 17E185501CD844FE0067759A;
			remoteInfo = "hackathon-project";
		};
/* End PBXContainerItemProxy section */

/* Begin PBXFileReference section */
		172E76711CD8670E00029483 /* AssetsLibrary.framework */ = {isa = PBXFileReference; lastKnownFileType = wrapper.framework; name = AssetsLibrary.framework; path = System/Library/Frameworks/AssetsLibrary.framework; sourceTree = SDKROOT; };
		172E76771CD8801800029483 /* AlamofireManager.swift */ = {isa = PBXFileReference; fileEncoding = 4; lastKnownFileType = sourcecode.swift; path = AlamofireManager.swift; sourceTree = "<group>"; };
		172E76821CD881F100029483 /* Alamofire.framework */ = {isa = PBXFileReference; lastKnownFileType = wrapper.framework; name = Alamofire.framework; path = "../../../Library/Developer/Xcode/DerivedData/hackathon-project-bdzhvxsolmeckwfcktxpdjrnzwga/Build/Products/Debug-iphoneos/Alamofire/Alamofire.framework"; sourceTree = "<group>"; };
		17E185511CD844FE0067759A /* hackathon-project.app */ = {isa = PBXFileReference; explicitFileType = wrapper.application; includeInIndex = 0; path = "hackathon-project.app"; sourceTree = BUILT_PRODUCTS_DIR; };
		17E185541CD844FE0067759A /* AppDelegate.swift */ = {isa = PBXFileReference; lastKnownFileType = sourcecode.swift; path = AppDelegate.swift; sourceTree = "<group>"; };
		17E185561CD844FE0067759A /* MainViewController.swift */ = {isa = PBXFileReference; lastKnownFileType = sourcecode.swift; path = MainViewController.swift; sourceTree = "<group>"; };
		17E1855B1CD844FE0067759A /* Assets.xcassets */ = {isa = PBXFileReference; lastKnownFileType = folder.assetcatalog; path = Assets.xcassets; sourceTree = "<group>"; };
		17E1855E1CD844FE0067759A /* Base */ = {isa = PBXFileReference; lastKnownFileType = file.storyboard; name = Base; path = Base.lproj/LaunchScreen.storyboard; sourceTree = "<group>"; };
		17E185601CD844FE0067759A /* Info.plist */ = {isa = PBXFileReference; lastKnownFileType = text.plist.xml; path = Info.plist; sourceTree = "<group>"; };
		17E185651CD844FF0067759A /* hackathon-projectTests.xctest */ = {isa = PBXFileReference; explicitFileType = wrapper.cfbundle; includeInIndex = 0; path = "hackathon-projectTests.xctest"; sourceTree = BUILT_PRODUCTS_DIR; };
		17E185691CD844FF0067759A /* hackathon_projectTests.swift */ = {isa = PBXFileReference; lastKnownFileType = sourcecode.swift; path = hackathon_projectTests.swift; sourceTree = "<group>"; };
		17E1856B1CD844FF0067759A /* Info.plist */ = {isa = PBXFileReference; lastKnownFileType = text.plist.xml; path = Info.plist; sourceTree = "<group>"; };
		17E185701CD844FF0067759A /* hackathon-projectUITests.xctest */ = {isa = PBXFileReference; explicitFileType = wrapper.cfbundle; includeInIndex = 0; path = "hackathon-projectUITests.xctest"; sourceTree = BUILT_PRODUCTS_DIR; };
		17E185741CD844FF0067759A /* hackathon_projectUITests.swift */ = {isa = PBXFileReference; lastKnownFileType = sourcecode.swift; path = hackathon_projectUITests.swift; sourceTree = "<group>"; };
		17E185761CD844FF0067759A /* Info.plist */ = {isa = PBXFileReference; lastKnownFileType = text.plist.xml; path = Info.plist; sourceTree = "<group>"; };
		17E1858D1CD851F00067759A /* function.swift */ = {isa = PBXFileReference; fileEncoding = 4; lastKnownFileType = sourcecode.swift; path = function.swift; sourceTree = "<group>"; };
		17E1858F1CD852340067759A /* MainViewController.xib */ = {isa = PBXFileReference; fileEncoding = 4; lastKnownFileType = file.xib; path = MainViewController.xib; sourceTree = "<group>"; };
		17E185911CD852880067759A /* BaseViewContoller.swift */ = {isa = PBXFileReference; fileEncoding = 4; lastKnownFileType = sourcecode.swift; path = BaseViewContoller.swift; sourceTree = "<group>"; };
		17E185931CD852BC0067759A /* Context.swift */ = {isa = PBXFileReference; fileEncoding = 4; lastKnownFileType = sourcecode.swift; path = Context.swift; sourceTree = "<group>"; };
		1C1E45AABEB47473919580AF /* Pods-hackathon-project.debug.xcconfig */ = {isa = PBXFileReference; includeInIndex = 1; lastKnownFileType = text.xcconfig; name = "Pods-hackathon-project.debug.xcconfig"; path = "Pods/Target Support Files/Pods-hackathon-project/Pods-hackathon-project.debug.xcconfig"; sourceTree = "<group>"; };
		3B0F53421CD85C8600982323 /* CoreLocation.framework */ = {isa = PBXFileReference; lastKnownFileType = wrapper.framework; name = CoreLocation.framework; path = System/Library/Frameworks/CoreLocation.framework; sourceTree = SDKROOT; };
		3B0F53441CD85C9000982323 /* MapKit.framework */ = {isa = PBXFileReference; lastKnownFileType = wrapper.framework; name = MapKit.framework; path = System/Library/Frameworks/MapKit.framework; sourceTree = SDKROOT; };
		B91B3CD58612D20BAAF42C6D /* Pods_hackathon_project.framework */ = {isa = PBXFileReference; explicitFileType = wrapper.framework; includeInIndex = 0; path = Pods_hackathon_project.framework; sourceTree = BUILT_PRODUCTS_DIR; };
		E61B4D16F0FC5E63284A364D /* Pods-hackathon-project.release.xcconfig */ = {isa = PBXFileReference; includeInIndex = 1; lastKnownFileType = text.xcconfig; name = "Pods-hackathon-project.release.xcconfig"; path = "Pods/Target Support Files/Pods-hackathon-project/Pods-hackathon-project.release.xcconfig"; sourceTree = "<group>"; };
/* End PBXFileReference section */

/* Begin PBXFrameworksBuildPhase section */
		17E1854E1CD844FE0067759A /* Frameworks */ = {
			isa = PBXFrameworksBuildPhase;
			buildActionMask = 2147483647;
			files = (
				3B0F53451CD85C9000982323 /* MapKit.framework in Frameworks */,
				3B0F53431CD85C8600982323 /* CoreLocation.framework in Frameworks */,
				172E76721CD8670E00029483 /* AssetsLibrary.framework in Frameworks */,
				02A72BBF5FB4C1A99F2D2FAE /* Pods_hackathon_project.framework in Frameworks */,
			);
			runOnlyForDeploymentPostprocessing = 0;
		};
		17E185621CD844FF0067759A /* Frameworks */ = {
			isa = PBXFrameworksBuildPhase;
			buildActionMask = 2147483647;
			files = (
			);
			runOnlyForDeploymentPostprocessing = 0;
		};
		17E1856D1CD844FF0067759A /* Frameworks */ = {
			isa = PBXFrameworksBuildPhase;
			buildActionMask = 2147483647;
			files = (
			);
			runOnlyForDeploymentPostprocessing = 0;
		};
/* End PBXFrameworksBuildPhase section */

/* Begin PBXGroup section */
		16203DDEB488AE0BCE86BB3E /* Pods */ = {
			isa = PBXGroup;
			children = (
				1C1E45AABEB47473919580AF /* Pods-hackathon-project.debug.xcconfig */,
				E61B4D16F0FC5E63284A364D /* Pods-hackathon-project.release.xcconfig */,
			);
			name = Pods;
			sourceTree = "<group>";
		};
		17E185481CD844FE0067759A = {
			isa = PBXGroup;
			children = (
				17E185531CD844FE0067759A /* hackathon-project */,
				17E185681CD844FF0067759A /* hackathon-projectTests */,
				17E185731CD844FF0067759A /* hackathon-projectUITests */,
				17E185521CD844FE0067759A /* Products */,
				223F34768FE8C783B7DFF776 /* Frameworks */,
				16203DDEB488AE0BCE86BB3E /* Pods */,
			);
			sourceTree = "<group>";
		};
		17E185521CD844FE0067759A /* Products */ = {
			isa = PBXGroup;
			children = (
				17E185511CD844FE0067759A /* hackathon-project.app */,
				17E185651CD844FF0067759A /* hackathon-projectTests.xctest */,
				17E185701CD844FF0067759A /* hackathon-projectUITests.xctest */,
			);
			name = Products;
			sourceTree = "<group>";
		};
		17E185531CD844FE0067759A /* hackathon-project */ = {
			isa = PBXGroup;
			children = (
				17E185821CD851210067759A /* App */,
				17E185831CD851280067759A /* Config */,
				17E185841CD8512F0067759A /* Resurce */,
			);
			path = "hackathon-project";
			sourceTree = "<group>";
		};
		17E185681CD844FF0067759A /* hackathon-projectTests */ = {
			isa = PBXGroup;
			children = (
				17E185691CD844FF0067759A /* hackathon_projectTests.swift */,
				17E1856B1CD844FF0067759A /* Info.plist */,
			);
			path = "hackathon-projectTests";
			sourceTree = "<group>";
		};
		17E185731CD844FF0067759A /* hackathon-projectUITests */ = {
			isa = PBXGroup;
			children = (
				17E185741CD844FF0067759A /* hackathon_projectUITests.swift */,
				17E185761CD844FF0067759A /* Info.plist */,
			);
			path = "hackathon-projectUITests";
			sourceTree = "<group>";
		};
		17E185821CD851210067759A /* App */ = {
			isa = PBXGroup;
			children = (
				17E185851CD8514C0067759A /* Extention */,
				17E185861CD851550067759A /* Http */,
				17E185871CD851580067759A /* Model */,
				17E185881CD8515F0067759A /* Utils */,
				17E185891CD851680067759A /* ViewController */,
				17E1858A1CD851700067759A /* View */,
			);
			name = App;
			sourceTree = "<group>";
		};
		17E185831CD851280067759A /* Config */ = {
			isa = PBXGroup;
			children = (
				17E185541CD844FE0067759A /* AppDelegate.swift */,
				17E185601CD844FE0067759A /* Info.plist */,
			);
			name = Config;
			sourceTree = "<group>";
		};
		17E185841CD8512F0067759A /* Resurce */ = {
			isa = PBXGroup;
			children = (
				17E1858D1CD851F00067759A /* function.swift */,
				17E1855B1CD844FE0067759A /* Assets.xcassets */,
			);
			name = Resurce;
			sourceTree = "<group>";
		};
		17E185851CD8514C0067759A /* Extention */ = {
			isa = PBXGroup;
			children = (
			);
			name = Extention;
			sourceTree = "<group>";
		};
		17E185861CD851550067759A /* Http */ = {
			isa = PBXGroup;
			children = (
				172E76771CD8801800029483 /* AlamofireManager.swift */,
			);
			name = Http;
			sourceTree = "<group>";
		};
		17E185871CD851580067759A /* Model */ = {
			isa = PBXGroup;
			children = (
			);
			name = Model;
			sourceTree = "<group>";
		};
		17E185881CD8515F0067759A /* Utils */ = {
			isa = PBXGroup;
			children = (
				17E185931CD852BC0067759A /* Context.swift */,
			);
			name = Utils;
			sourceTree = "<group>";
		};
		17E185891CD851680067759A /* ViewController */ = {
			isa = PBXGroup;
			children = (
				17E1858B1CD851C00067759A /* xib */,
				17E185911CD852880067759A /* BaseViewContoller.swift */,
				17E185561CD844FE0067759A /* MainViewController.swift */,
			);
			name = ViewController;
			sourceTree = "<group>";
		};
		17E1858A1CD851700067759A /* View */ = {
			isa = PBXGroup;
			children = (
				17E1858C1CD851C50067759A /* xib */,
			);
			name = View;
			sourceTree = "<group>";
		};
		17E1858B1CD851C00067759A /* xib */ = {
			isa = PBXGroup;
			children = (
				17E1858F1CD852340067759A /* MainViewController.xib */,
			);
			name = xib;
			sourceTree = "<group>";
		};
		17E1858C1CD851C50067759A /* xib */ = {
			isa = PBXGroup;
			children = (
				17E1855D1CD844FE0067759A /* LaunchScreen.storyboard */,
			);
			name = xib;
			sourceTree = "<group>";
		};
		223F34768FE8C783B7DFF776 /* Frameworks */ = {
			isa = PBXGroup;
			children = (
				3B0F53441CD85C9000982323 /* MapKit.framework */,
				3B0F53421CD85C8600982323 /* CoreLocation.framework */,
				172E76711CD8670E00029483 /* AssetsLibrary.framework */,
				172E76821CD881F100029483 /* Alamofire.framework */,
				B91B3CD58612D20BAAF42C6D /* Pods_hackathon_project.framework */,
			);
			name = Frameworks;
			sourceTree = "<group>";
		};
/* End PBXGroup section */

/* Begin PBXNativeTarget section */
		17E185501CD844FE0067759A /* hackathon-project */ = {
			isa = PBXNativeTarget;
			buildConfigurationList = 17E185791CD844FF0067759A /* Build configuration list for PBXNativeTarget "hackathon-project" */;
			buildPhases = (
				4BEC618376E5A4331591D4CF /* 📦 Check Pods Manifest.lock */,
				17E1854D1CD844FE0067759A /* Sources */,
				17E1854E1CD844FE0067759A /* Frameworks */,
				17E1854F1CD844FE0067759A /* Resources */,
				6D092D2239C18517571DF7A8 /* 📦 Embed Pods Frameworks */,
				51D6561A186E26A1ECFE7CB0 /* 📦 Copy Pods Resources */,
			);
			buildRules = (
			);
			dependencies = (
			);
			name = "hackathon-project";
			productName = "hackathon-project";
			productReference = 17E185511CD844FE0067759A /* hackathon-project.app */;
			productType = "com.apple.product-type.application";
		};
		17E185641CD844FF0067759A /* hackathon-projectTests */ = {
			isa = PBXNativeTarget;
			buildConfigurationList = 17E1857C1CD844FF0067759A /* Build configuration list for PBXNativeTarget "hackathon-projectTests" */;
			buildPhases = (
				17E185611CD844FF0067759A /* Sources */,
				17E185621CD844FF0067759A /* Frameworks */,
				17E185631CD844FF0067759A /* Resources */,
			);
			buildRules = (
			);
			dependencies = (
				17E185671CD844FF0067759A /* PBXTargetDependency */,
			);
			name = "hackathon-projectTests";
			productName = "hackathon-projectTests";
			productReference = 17E185651CD844FF0067759A /* hackathon-projectTests.xctest */;
			productType = "com.apple.product-type.bundle.unit-test";
		};
		17E1856F1CD844FF0067759A /* hackathon-projectUITests */ = {
			isa = PBXNativeTarget;
			buildConfigurationList = 17E1857F1CD844FF0067759A /* Build configuration list for PBXNativeTarget "hackathon-projectUITests" */;
			buildPhases = (
				17E1856C1CD844FF0067759A /* Sources */,
				17E1856D1CD844FF0067759A /* Frameworks */,
				17E1856E1CD844FF0067759A /* Resources */,
			);
			buildRules = (
			);
			dependencies = (
				17E185721CD844FF0067759A /* PBXTargetDependency */,
			);
			name = "hackathon-projectUITests";
			productName = "hackathon-projectUITests";
			productReference = 17E185701CD844FF0067759A /* hackathon-projectUITests.xctest */;
			productType = "com.apple.product-type.bundle.ui-testing";
		};
/* End PBXNativeTarget section */

/* Begin PBXProject section */
		17E185491CD844FE0067759A /* Project object */ = {
			isa = PBXProject;
			attributes = {
				LastSwiftUpdateCheck = 0730;
				LastUpgradeCheck = 0730;
				ORGANIZATIONNAME = "Kohei Totani";
				TargetAttributes = {
					17E185501CD844FE0067759A = {
						CreatedOnToolsVersion = 7.3;
					};
					17E185641CD844FF0067759A = {
						CreatedOnToolsVersion = 7.3;
						TestTargetID = 17E185501CD844FE0067759A;
					};
					17E1856F1CD844FF0067759A = {
						CreatedOnToolsVersion = 7.3;
						TestTargetID = 17E185501CD844FE0067759A;
					};
				};
			};
			buildConfigurationList = 17E1854C1CD844FE0067759A /* Build configuration list for PBXProject "hackathon-project" */;
			compatibilityVersion = "Xcode 3.2";
			developmentRegion = English;
			hasScannedForEncodings = 0;
			knownRegions = (
				en,
				Base,
			);
			mainGroup = 17E185481CD844FE0067759A;
			productRefGroup = 17E185521CD844FE0067759A /* Products */;
			projectDirPath = "";
			projectRoot = "";
			targets = (
				17E185501CD844FE0067759A /* hackathon-project */,
				17E185641CD844FF0067759A /* hackathon-projectTests */,
				17E1856F1CD844FF0067759A /* hackathon-projectUITests */,
			);
		};
/* End PBXProject section */

/* Begin PBXResourcesBuildPhase section */
		17E1854F1CD844FE0067759A /* Resources */ = {
			isa = PBXResourcesBuildPhase;
			buildActionMask = 2147483647;
			files = (
				17E1855F1CD844FE0067759A /* LaunchScreen.storyboard in Resources */,
				17E185901CD852340067759A /* MainViewController.xib in Resources */,
				17E1855C1CD844FE0067759A /* Assets.xcassets in Resources */,
			);
			runOnlyForDeploymentPostprocessing = 0;
		};
		17E185631CD844FF0067759A /* Resources */ = {
			isa = PBXResourcesBuildPhase;
			buildActionMask = 2147483647;
			files = (
			);
			runOnlyForDeploymentPostprocessing = 0;
		};
		17E1856E1CD844FF0067759A /* Resources */ = {
			isa = PBXResourcesBuildPhase;
			buildActionMask = 2147483647;
			files = (
			);
			runOnlyForDeploymentPostprocessing = 0;
		};
/* End PBXResourcesBuildPhase section */

/* Begin PBXShellScriptBuildPhase section */
		4BEC618376E5A4331591D4CF /* 📦 Check Pods Manifest.lock */ = {
			isa = PBXShellScriptBuildPhase;
			buildActionMask = 2147483647;
			files = (
			);
			inputPaths = (
			);
			name = "📦 Check Pods Manifest.lock";
			outputPaths = (
			);
			runOnlyForDeploymentPostprocessing = 0;
			shellPath = /bin/sh;
			shellScript = "diff \"${PODS_ROOT}/../Podfile.lock\" \"${PODS_ROOT}/Manifest.lock\" > /dev/null\nif [[ $? != 0 ]] ; then\n    cat << EOM\nerror: The sandbox is not in sync with the Podfile.lock. Run 'pod install' or update your CocoaPods installation.\nEOM\n    exit 1\nfi\n";
			showEnvVarsInLog = 0;
		};
		51D6561A186E26A1ECFE7CB0 /* 📦 Copy Pods Resources */ = {
			isa = PBXShellScriptBuildPhase;
			buildActionMask = 2147483647;
			files = (
			);
			inputPaths = (
			);
			name = "📦 Copy Pods Resources";
			outputPaths = (
			);
			runOnlyForDeploymentPostprocessing = 0;
			shellPath = /bin/sh;
			shellScript = "\"${SRCROOT}/Pods/Target Support Files/Pods-hackathon-project/Pods-hackathon-project-resources.sh\"\n";
			showEnvVarsInLog = 0;
		};
		6D092D2239C18517571DF7A8 /* 📦 Embed Pods Frameworks */ = {
			isa = PBXShellScriptBuildPhase;
			buildActionMask = 2147483647;
			files = (
			);
			inputPaths = (
			);
			name = "📦 Embed Pods Frameworks";
			outputPaths = (
			);
			runOnlyForDeploymentPostprocessing = 0;
			shellPath = /bin/sh;
			shellScript = "\"${SRCROOT}/Pods/Target Support Files/Pods-hackathon-project/Pods-hackathon-project-frameworks.sh\"\n";
			showEnvVarsInLog = 0;
		};
/* End PBXShellScriptBuildPhase section */

/* Begin PBXSourcesBuildPhase section */
		17E1854D1CD844FE0067759A /* Sources */ = {
			isa = PBXSourcesBuildPhase;
			buildActionMask = 2147483647;
			files = (
				172E76781CD8801800029483 /* AlamofireManager.swift in Sources */,
				17E185571CD844FE0067759A /* MainViewController.swift in Sources */,
				17E185551CD844FE0067759A /* AppDelegate.swift in Sources */,
				17E185921CD852880067759A /* BaseViewContoller.swift in Sources */,
				17E185941CD852BC0067759A /* Context.swift in Sources */,
				17E1858E1CD851F00067759A /* function.swift in Sources */,
			);
			runOnlyForDeploymentPostprocessing = 0;
		};
		17E185611CD844FF0067759A /* Sources */ = {
			isa = PBXSourcesBuildPhase;
			buildActionMask = 2147483647;
			files = (
				17E1856A1CD844FF0067759A /* hackathon_projectTests.swift in Sources */,
			);
			runOnlyForDeploymentPostprocessing = 0;
		};
		17E1856C1CD844FF0067759A /* Sources */ = {
			isa = PBXSourcesBuildPhase;
			buildActionMask = 2147483647;
			files = (
				17E185751CD844FF0067759A /* hackathon_projectUITests.swift in Sources */,
			);
			runOnlyForDeploymentPostprocessing = 0;
		};
/* End PBXSourcesBuildPhase section */

/* Begin PBXTargetDependency section */
		17E185671CD844FF0067759A /* PBXTargetDependency */ = {
			isa = PBXTargetDependency;
			target = 17E185501CD844FE0067759A /* hackathon-project */;
			targetProxy = 17E185661CD844FF0067759A /* PBXContainerItemProxy */;
		};
		17E185721CD844FF0067759A /* PBXTargetDependency */ = {
			isa = PBXTargetDependency;
			target = 17E185501CD844FE0067759A /* hackathon-project */;
			targetProxy = 17E185711CD844FF0067759A /* PBXContainerItemProxy */;
		};
/* End PBXTargetDependency section */

/* Begin PBXVariantGroup section */
		17E1855D1CD844FE0067759A /* LaunchScreen.storyboard */ = {
			isa = PBXVariantGroup;
			children = (
				17E1855E1CD844FE0067759A /* Base */,
			);
			name = LaunchScreen.storyboard;
			sourceTree = "<group>";
		};
/* End PBXVariantGroup section */

/* Begin XCBuildConfiguration section */
		17E185771CD844FF0067759A /* Debug */ = {
			isa = XCBuildConfiguration;
			buildSettings = {
				ALWAYS_SEARCH_USER_PATHS = NO;
				CLANG_ANALYZER_NONNULL = YES;
				CLANG_CXX_LANGUAGE_STANDARD = "gnu++0x";
				CLANG_CXX_LIBRARY = "libc++";
				CLANG_ENABLE_MODULES = YES;
				CLANG_ENABLE_OBJC_ARC = YES;
				CLANG_WARN_BOOL_CONVERSION = YES;
				CLANG_WARN_CONSTANT_CONVERSION = YES;
				CLANG_WARN_DIRECT_OBJC_ISA_USAGE = YES_ERROR;
				CLANG_WARN_EMPTY_BODY = YES;
				CLANG_WARN_ENUM_CONVERSION = YES;
				CLANG_WARN_INT_CONVERSION = YES;
				CLANG_WARN_OBJC_ROOT_CLASS = YES_ERROR;
				CLANG_WARN_UNREACHABLE_CODE = YES;
				CLANG_WARN__DUPLICATE_METHOD_MATCH = YES;
				"CODE_SIGN_IDENTITY[sdk=iphoneos*]" = "iPhone Developer";
				COPY_PHASE_STRIP = NO;
				DEBUG_INFORMATION_FORMAT = dwarf;
				ENABLE_STRICT_OBJC_MSGSEND = YES;
				ENABLE_TESTABILITY = YES;
				GCC_C_LANGUAGE_STANDARD = gnu99;
				GCC_DYNAMIC_NO_PIC = NO;
				GCC_NO_COMMON_BLOCKS = YES;
				GCC_OPTIMIZATION_LEVEL = 0;
				GCC_PREPROCESSOR_DEFINITIONS = (
					"DEBUG=1",
					"$(inherited)",
				);
				GCC_WARN_64_TO_32_BIT_CONVERSION = YES;
				GCC_WARN_ABOUT_RETURN_TYPE = YES_ERROR;
				GCC_WARN_UNDECLARED_SELECTOR = YES;
				GCC_WARN_UNINITIALIZED_AUTOS = YES_AGGRESSIVE;
				GCC_WARN_UNUSED_FUNCTION = YES;
				GCC_WARN_UNUSED_VARIABLE = YES;
				IPHONEOS_DEPLOYMENT_TARGET = 9.3;
				MTL_ENABLE_DEBUG_INFO = YES;
				ONLY_ACTIVE_ARCH = YES;
				SDKROOT = iphoneos;
				SWIFT_OPTIMIZATION_LEVEL = "-Onone";
			};
			name = Debug;
		};
		17E185781CD844FF0067759A /* Release */ = {
			isa = XCBuildConfiguration;
			buildSettings = {
				ALWAYS_SEARCH_USER_PATHS = NO;
				CLANG_ANALYZER_NONNULL = YES;
				CLANG_CXX_LANGUAGE_STANDARD = "gnu++0x";
				CLANG_CXX_LIBRARY = "libc++";
				CLANG_ENABLE_MODULES = YES;
				CLANG_ENABLE_OBJC_ARC = YES;
				CLANG_WARN_BOOL_CONVERSION = YES;
				CLANG_WARN_CONSTANT_CONVERSION = YES;
				CLANG_WARN_DIRECT_OBJC_ISA_USAGE = YES_ERROR;
				CLANG_WARN_EMPTY_BODY = YES;
				CLANG_WARN_ENUM_CONVERSION = YES;
				CLANG_WARN_INT_CONVERSION = YES;
				CLANG_WARN_OBJC_ROOT_CLASS = YES_ERROR;
				CLANG_WARN_UNREACHABLE_CODE = YES;
				CLANG_WARN__DUPLICATE_METHOD_MATCH = YES;
				"CODE_SIGN_IDENTITY[sdk=iphoneos*]" = "iPhone Developer";
				COPY_PHASE_STRIP = NO;
				DEBUG_INFORMATION_FORMAT = "dwarf-with-dsym";
				ENABLE_NS_ASSERTIONS = NO;
				ENABLE_STRICT_OBJC_MSGSEND = YES;
				GCC_C_LANGUAGE_STANDARD = gnu99;
				GCC_NO_COMMON_BLOCKS = YES;
				GCC_WARN_64_TO_32_BIT_CONVERSION = YES;
				GCC_WARN_ABOUT_RETURN_TYPE = YES_ERROR;
				GCC_WARN_UNDECLARED_SELECTOR = YES;
				GCC_WARN_UNINITIALIZED_AUTOS = YES_AGGRESSIVE;
				GCC_WARN_UNUSED_FUNCTION = YES;
				GCC_WARN_UNUSED_VARIABLE = YES;
				IPHONEOS_DEPLOYMENT_TARGET = 9.3;
				MTL_ENABLE_DEBUG_INFO = NO;
				SDKROOT = iphoneos;
				VALIDATE_PRODUCT = YES;
			};
			name = Release;
		};
		17E1857A1CD844FF0067759A /* Debug */ = {
			isa = XCBuildConfiguration;
			baseConfigurationReference = 1C1E45AABEB47473919580AF /* Pods-hackathon-project.debug.xcconfig */;
			buildSettings = {
				ASSETCATALOG_COMPILER_APPICON_NAME = AppIcon;
				FRAMEWORK_SEARCH_PATHS = (
					"$(inherited)",
					"$(PROJECT_DIR)/build/Release-iphoneos/Alamofire",
					"$(PROJECT_DIR)/build/Release-iphoneos/MBProgressHUD",
				);
				INFOPLIST_FILE = "hackathon-project/Info.plist";
				IPHONEOS_DEPLOYMENT_TARGET = 8.1;
				LD_RUNPATH_SEARCH_PATHS = "$(inherited) @executable_path/Frameworks";
				OTHER_SWIFT_FLAGS = "-D DEBUG";
				PRODUCT_BUNDLE_IDENTIFIER = "gizumo.hackathon-project";
				PRODUCT_NAME = "$(TARGET_NAME)";
				SUPPORTED_PLATFORMS = "iphonesimulator iphoneos";
			};
			name = Debug;
		};
		17E1857B1CD844FF0067759A /* Release */ = {
			isa = XCBuildConfiguration;
			baseConfigurationReference = E61B4D16F0FC5E63284A364D /* Pods-hackathon-project.release.xcconfig */;
			buildSettings = {
				ASSETCATALOG_COMPILER_APPICON_NAME = AppIcon;
				FRAMEWORK_SEARCH_PATHS = "$(inherited)";
				INFOPLIST_FILE = "hackathon-project/Info.plist";
				IPHONEOS_DEPLOYMENT_TARGET = 8.1;
				LD_RUNPATH_SEARCH_PATHS = "$(inherited) @executable_path/Frameworks";
				OTHER_SWIFT_FLAGS = "";
				PRODUCT_BUNDLE_IDENTIFIER = "gizumo.hackathon-project";
				PRODUCT_NAME = "$(TARGET_NAME)";
				SUPPORTED_PLATFORMS = "iphonesimulator iphoneos";
			};
			name = Release;
		};
		17E1857D1CD844FF0067759A /* Debug */ = {
			isa = XCBuildConfiguration;
			buildSettings = {
				BUNDLE_LOADER = "$(TEST_HOST)";
				INFOPLIST_FILE = "hackathon-projectTests/Info.plist";
				LD_RUNPATH_SEARCH_PATHS = "$(inherited) @executable_path/Frameworks @loader_path/Frameworks";
				PRODUCT_BUNDLE_IDENTIFIER = "gizumo.hackathon-projectTests";
				PRODUCT_NAME = "$(TARGET_NAME)";
				TEST_HOST = "$(BUILT_PRODUCTS_DIR)/hackathon-project.app/hackathon-project";
			};
			name = Debug;
		};
		17E1857E1CD844FF0067759A /* Release */ = {
			isa = XCBuildConfiguration;
			buildSettings = {
				BUNDLE_LOADER = "$(TEST_HOST)";
				INFOPLIST_FILE = "hackathon-projectTests/Info.plist";
				LD_RUNPATH_SEARCH_PATHS = "$(inherited) @executable_path/Frameworks @loader_path/Frameworks";
				PRODUCT_BUNDLE_IDENTIFIER = "gizumo.hackathon-projectTests";
				PRODUCT_NAME = "$(TARGET_NAME)";
				TEST_HOST = "$(BUILT_PRODUCTS_DIR)/hackathon-project.app/hackathon-project";
			};
			name = Release;
		};
		17E185801CD844FF0067759A /* Debug */ = {
			isa = XCBuildConfiguration;
			buildSettings = {
				INFOPLIST_FILE = "hackathon-projectUITests/Info.plist";
				IPHONEOS_DEPLOYMENT_TARGET = 9.0;
				LD_RUNPATH_SEARCH_PATHS = "$(inherited) @executable_path/Frameworks @loader_path/Frameworks";
				PRODUCT_BUNDLE_IDENTIFIER = "gizumo.hackathon-projectUITests";
				PRODUCT_NAME = "$(TARGET_NAME)";
				TEST_TARGET_NAME = "hackathon-project";
			};
			name = Debug;
		};
		17E185811CD844FF0067759A /* Release */ = {
			isa = XCBuildConfiguration;
			buildSettings = {
				INFOPLIST_FILE = "hackathon-projectUITests/Info.plist";
				IPHONEOS_DEPLOYMENT_TARGET = 9.0;
				LD_RUNPATH_SEARCH_PATHS = "$(inherited) @executable_path/Frameworks @loader_path/Frameworks";
				PRODUCT_BUNDLE_IDENTIFIER = "gizumo.hackathon-projectUITests";
				PRODUCT_NAME = "$(TARGET_NAME)";
				TEST_TARGET_NAME = "hackathon-project";
			};
			name = Release;
		};
/* End XCBuildConfiguration section */

/* Begin XCConfigurationList section */
		17E1854C1CD844FE0067759A /* Build configuration list for PBXProject "hackathon-project" */ = {
			isa = XCConfigurationList;
			buildConfigurations = (
				17E185771CD844FF0067759A /* Debug */,
				17E185781CD844FF0067759A /* Release */,
			);
			defaultConfigurationIsVisible = 0;
			defaultConfigurationName = Release;
		};
		17E185791CD844FF0067759A /* Build configuration list for PBXNativeTarget "hackathon-project" */ = {
			isa = XCConfigurationList;
			buildConfigurations = (
				17E1857A1CD844FF0067759A /* Debug */,
				17E1857B1CD844FF0067759A /* Release */,
			);
			defaultConfigurationIsVisible = 0;
			defaultConfigurationName = Release;
		};
		17E1857C1CD844FF0067759A /* Build configuration list for PBXNativeTarget "hackathon-projectTests" */ = {
			isa = XCConfigurationList;
			buildConfigurations = (
				17E1857D1CD844FF0067759A /* Debug */,
				17E1857E1CD844FF0067759A /* Release */,
			);
			defaultConfigurationIsVisible = 0;
			defaultConfigurationName = Release;
		};
		17E1857F1CD844FF0067759A /* Build configuration list for PBXNativeTarget "hackathon-projectUITests" */ = {
			isa = XCConfigurationList;
			buildConfigurations = (
				17E185801CD844FF0067759A /* Debug */,
				17E185811CD844FF0067759A /* Release */,
			);
			defaultConfigurationIsVisible = 0;
			defaultConfigurationName = Release;
		};
/* End XCConfigurationList section */
	};
	rootObject = 17E185491CD844FE0067759A /* Project object */;
}
